
Microsoft Visual Studio Solution File, Format Version 12.00
# Visual Studio Version 16
VisualStudioVersion = 16.0.31424.327
MinimumVisualStudioVersion = 10.0.40219.1
Project("{FAE04EC0-301F-11D3-BF4B-00C04F79EFBC}") = "JogoDaVelha", "JogoDaVelha.csproj", "{DEA59565-C5A9-41DE-9CC2-521A31CB3239}"
EndProject
Global
	GlobalSection(SolutionConfigurationPlatforms) = preSolution
		Debug|Any CPU = Debug|Any CPU
		Release|Any CPU = Release|Any CPU
	EndGlobalSection
	GlobalSection(ProjectConfigurationPlatforms) = postSolution
		{DEA59565-C5A9-41DE-9CC2-521A31CB3239}.Debug|Any CPU.ActiveCfg = Debug|Any CPU
		{DEA59565-C5A9-41DE-9CC2-521A31CB3239}.Debug|Any CPU.Build.0 = Debug|Any CPU
		{DEA59565-C5A9-41DE-9CC2-521A31CB3239}.Release|Any CPU.ActiveCfg = Release|Any CPU
		{DEA59565-C5A9-41DE-9CC2-521A31CB3239}.Release|Any CPU.Build.0 = Release|Any CPU
	EndGlobalSection
	GlobalSection(SolutionProperties) = preSolution
		HideSolutionNode = FALSE
	EndGlobalSection
	GlobalSection(ExtensibilityGlobals) = postSolution
		SolutionGuid = {F469FD5D-B29C-4C56-8127-EB9BCBFA3090}
	EndGlobalSection
EndGlobal
